
Microsoft Visual Studio Solution File, Format Version 12.00
# Visual Studio 15
VisualStudioVersion = 15.0.28010.2048
MinimumVisualStudioVersion = 10.0.40219.1
Project("{FAE04EC0-301F-11D3-BF4B-00C04F79EFBC}") = "Repro.Android", "Repro\Repro.Android\Repro.Android.csproj", "{98AB705A-F9F6-4EB9-918E-5AF36382FCA0}"
EndProject
Project("{FAE04EC0-301F-11D3-BF4B-00C04F79EFBC}") = "Repro.iOS", "Repro\Repro.iOS\Repro.iOS.csproj", "{0A2F700A-4CA7-40F1-B101-53ACF175472D}"
EndProject
Project("{FAE04EC0-301F-11D3-BF4B-00C04F79EFBC}") = "Repro", "Repro\Repro\Repro.csproj", "{337D540F-6C73-44E2-9697-6C1E0569E228}"
EndProject
Global
	GlobalSection(SolutionConfigurationPlatforms) = preSolution
		Ad-Hoc|Any CPU = Ad-Hoc|Any CPU
		Ad-Hoc|iPhone = Ad-Hoc|iPhone
		Ad-Hoc|iPhoneSimulator = Ad-Hoc|iPhoneSimulator
		AppStore|Any CPU = AppStore|Any CPU
		AppStore|iPhone = AppStore|iPhone
		AppStore|iPhoneSimulator = AppStore|iPhoneSimulator
		Debug|Any CPU = Debug|Any CPU
		Debug|iPhone = Debug|iPhone
		Debug|iPhoneSimulator = Debug|iPhoneSimulator
		Release|Any CPU = Release|Any CPU
		Release|iPhone = Release|iPhone
		Release|iPhoneSimulator = Release|iPhoneSimulator
	EndGlobalSection
	GlobalSection(ProjectConfigurationPlatforms) = postSolution
		{98AB705A-F9F6-4EB9-918E-5AF36382FCA0}.Ad-Hoc|Any CPU.ActiveCfg = Release|Any CPU
		{98AB705A-F9F6-4EB9-918E-5AF36382FCA0}.Ad-Hoc|Any CPU.Build.0 = Release|Any CPU
		{98AB705A-F9F6-4EB9-918E-5AF36382FCA0}.Ad-Hoc|Any CPU.Deploy.0 = Release|Any CPU
		{98AB705A-F9F6-4EB9-918E-5AF36382FCA0}.Ad-Hoc|iPhone.ActiveCfg = Release|Any CPU
		{98AB705A-F9F6-4EB9-918E-5AF36382FCA0}.Ad-Hoc|iPhone.Build.0 = Release|Any CPU
		{98AB705A-F9F6-4EB9-918E-5AF36382FCA0}.Ad-Hoc|iPhone.Deploy.0 = Release|Any CPU
		{98AB705A-F9F6-4EB9-918E-5AF36382FCA0}.Ad-Hoc|iPhoneSimulator.ActiveCfg = Release|Any CPU
		{98AB705A-F9F6-4EB9-918E-5AF36382FCA0}.Ad-Hoc|iPhoneSimulator.Build.0 = Release|Any CPU
		{98AB705A-F9F6-4EB9-918E-5AF36382FCA0}.Ad-Hoc|iPhoneSimulator.Deploy.0 = Release|Any CPU
		{98AB705A-F9F6-4EB9-918E-5AF36382FCA0}.AppStore|Any CPU.ActiveCfg = Release|Any CPU
		{98AB705A-F9F6-4EB9-918E-5AF36382FCA0}.AppStore|Any CPU.Build.0 = Release|Any CPU
		{98AB705A-F9F6-4EB9-918E-5AF36382FCA0}.AppStore|Any CPU.Deploy.0 = Release|Any CPU
		{98AB705A-F9F6-4EB9-918E-5AF36382FCA0}.AppStore|iPhone.ActiveCfg = Release|Any CPU
		{98AB705A-F9F6-4EB9-918E-5AF36382FCA0}.AppStore|iPhone.Build.0 = Release|Any CPU
		{98AB705A-F9F6-4EB9-918E-5AF36382FCA0}.AppStore|iPhone.Deploy.0 = Release|Any CPU
		{98AB705A-F9F6-4EB9-918E-5AF36382FCA0}.AppStore|iPhoneSimulator.ActiveCfg = Release|Any CPU
		{98AB705A-F9F6-4EB9-918E-5AF36382FCA0}.AppStore|iPhoneSimulator.Build.0 = Release|Any CPU
		{98AB705A-F9F6-4EB9-918E-5AF36382FCA0}.AppStore|iPhoneSimulator.Deploy.0 = Release|Any CPU
		{98AB705A-F9F6-4EB9-918E-5AF36382FCA0}.Debug|Any CPU.ActiveCfg = Debug|Any CPU
		{98AB705A-F9F6-4EB9-918E-5AF36382FCA0}.Debug|Any CPU.Build.0 = Debug|Any CPU
		{98AB705A-F9F6-4EB9-918E-5AF36382FCA0}.Debug|Any CPU.Deploy.0 = Debug|Any CPU
		{98AB705A-F9F6-4EB9-918E-5AF36382FCA0}.Debug|iPhone.ActiveCfg = Debug|Any CPU
		{98AB705A-F9F6-4EB9-918E-5AF36382FCA0}.Debug|iPhone.Build.0 = Debug|Any CPU
		{98AB705A-F9F6-4EB9-918E-5AF36382FCA0}.Debug|iPhone.Deploy.0 = Debug|Any CPU
		{98AB705A-F9F6-4EB9-918E-5AF36382FCA0}.Debug|iPhoneSimulator.ActiveCfg = Debug|Any CPU
		{98AB705A-F9F6-4EB9-918E-5AF36382FCA0}.Debug|iPhoneSimulator.Build.0 = Debug|Any CPU
		{98AB705A-F9F6-4EB9-918E-5AF36382FCA0}.Debug|iPhoneSimulator.Deploy.0 = Debug|Any CPU
		{98AB705A-F9F6-4EB9-918E-5AF36382FCA0}.Release|Any CPU.ActiveCfg = Release|Any CPU
		{98AB705A-F9F6-4EB9-918E-5AF36382FCA0}.Release|Any CPU.Build.0 = Release|Any CPU
		{98AB705A-F9F6-4EB9-918E-5AF36382FCA0}.Release|Any CPU.Deploy.0 = Release|Any CPU
		{98AB705A-F9F6-4EB9-918E-5AF36382FCA0}.Release|iPhone.ActiveCfg = Release|Any CPU
		{98AB705A-F9F6-4EB9-918E-5AF36382FCA0}.Release|iPhone.Build.0 = Release|Any CPU
		{98AB705A-F9F6-4EB9-918E-5AF36382FCA0}.Release|iPhone.Deploy.0 = Release|Any CPU
		{98AB705A-F9F6-4EB9-918E-5AF36382FCA0}.Release|iPhoneSimulator.ActiveCfg = Release|Any CPU
		{98AB705A-F9F6-4EB9-918E-5AF36382FCA0}.Release|iPhoneSimulator.Build.0 = Release|Any CPU
		{98AB705A-F9F6-4EB9-918E-5AF36382FCA0}.Release|iPhoneSimulator.Deploy.0 = Release|Any CPU
		{0A2F700A-4CA7-40F1-B101-53ACF175472D}.Ad-Hoc|Any CPU.ActiveCfg = Ad-Hoc|iPhone
		{0A2F700A-4CA7-40F1-B101-53ACF175472D}.Ad-Hoc|Any CPU.Build.0 = Ad-Hoc|iPhone
		{0A2F700A-4CA7-40F1-B101-53ACF175472D}.Ad-Hoc|Any CPU.Deploy.0 = Ad-Hoc|iPhone
		{0A2F700A-4CA7-40F1-B101-53ACF175472D}.Ad-Hoc|iPhone.ActiveCfg = Ad-Hoc|iPhone
		{0A2F700A-4CA7-40F1-B101-53ACF175472D}.Ad-Hoc|iPhone.Build.0 = Ad-Hoc|iPhone
		{0A2F700A-4CA7-40F1-B101-53ACF175472D}.Ad-Hoc|iPhone.Deploy.0 = Ad-Hoc|iPhone
		{0A2F700A-4CA7-40F1-B101-53ACF175472D}.Ad-Hoc|iPhoneSimulator.ActiveCfg = Ad-Hoc|iPhoneSimulator
		{0A2F700A-4CA7-40F1-B101-53ACF175472D}.Ad-Hoc|iPhoneSimulator.Build.0 = Ad-Hoc|iPhoneSimulator
		{0A2F700A-4CA7-40F1-B101-53ACF175472D}.Ad-Hoc|iPhoneSimulator.Deploy.0 = Ad-Hoc|iPhoneSimulator
		{0A2F700A-4CA7-40F1-B101-53ACF175472D}.AppStore|Any CPU.ActiveCfg = AppStore|iPhone
		{0A2F700A-4CA7-40F1-B101-53ACF175472D}.AppStore|Any CPU.Build.0 = AppStore|iPhone
		{0A2F700A-4CA7-40F1-B101-53ACF175472D}.AppStore|Any CPU.Deploy.0 = AppStore|iPhone
		{0A2F700A-4CA7-40F1-B101-53ACF175472D}.AppStore|iPhone.ActiveCfg = AppStore|iPhone
		{0A2F700A-4CA7-40F1-B101-53ACF175472D}.AppStore|iPhone.Build.0 = AppStore|iPhone
		{0A2F700A-4CA7-40F1-B101-53ACF175472D}.AppStore|iPhone.Deploy.0 = AppStore|iPhone
		{0A2F700A-4CA7-40F1-B101-53ACF175472D}.AppStore|iPhoneSimulator.ActiveCfg = AppStore|iPhoneSimulator
		{0A2F700A-4CA7-40F1-B101-53ACF175472D}.AppStore|iPhoneSimulator.Build.0 = AppStore|iPhoneSimulator
		{0A2F700A-4CA7-40F1-B101-53ACF175472D}.AppStore|iPhoneSimulator.Deploy.0 = AppStore|iPhoneSimulator
		{0A2F700A-4CA7-40F1-B101-53ACF175472D}.Debug|Any CPU.ActiveCfg = Debug|iPhoneSimulator
		{0A2F700A-4CA7-40F1-B101-53ACF175472D}.Debug|Any CPU.Build.0 = Debug|iPhoneSimulator
		{0A2F700A-4CA7-40F1-B101-53ACF175472D}.Debug|Any CPU.Deploy.0 = Debug|iPhoneSimulator
		{0A2F700A-4CA7-40F1-B101-53ACF175472D}.Debug|iPhone.ActiveCfg = Debug|iPhone
		{0A2F700A-4CA7-40F1-B101-53ACF175472D}.Debug|iPhone.Build.0 = Debug|iPhone
		{0A2F700A-4CA7-40F1-B101-53ACF175472D}.Debug|iPhone.Deploy.0 = Debug|iPhone
		{0A2F700A-4CA7-40F1-B101-53ACF175472D}.Debug|iPhoneSimulator.ActiveCfg = Debug|iPhoneSimulator
		{0A2F700A-4CA7-40F1-B101-53ACF175472D}.Debug|iPhoneSimulator.Build.0 = Debug|iPhoneSimulator
		{0A2F700A-4CA7-40F1-B101-53ACF175472D}.Debug|iPhoneSimulator.Deploy.0 = Debug|iPhoneSimulator
		{0A2F700A-4CA7-40F1-B101-53ACF175472D}.Release|Any CPU.ActiveCfg = Release|iPhone
		{0A2F700A-4CA7-40F1-B101-53ACF175472D}.Release|Any CPU.Build.0 = Release|iPhone
		{0A2F700A-4CA7-40F1-B101-53ACF175472D}.Release|Any CPU.Deploy.0 = Release|iPhone
		{0A2F700A-4CA7-40F1-B101-53ACF175472D}.Release|iPhone.ActiveCfg = Release|iPhone
		{0A2F700A-4CA7-40F1-B101-53ACF175472D}.Release|iPhone.Build.0 = Release|iPhone
		{0A2F700A-4CA7-40F1-B101-53ACF175472D}.Release|iPhone.Deploy.0 = Release|iPhone
		{0A2F700A-4CA7-40F1-B101-53ACF175472D}.Release|iPhoneSimulator.ActiveCfg = Release|iPhoneSimulator
		{0A2F700A-4CA7-40F1-B101-53ACF175472D}.Release|iPhoneSimulator.Build.0 = Release|iPhoneSimulator
		{0A2F700A-4CA7-40F1-B101-53ACF175472D}.Release|iPhoneSimulator.Deploy.0 = Release|iPhoneSimulator
		{337D540F-6C73-44E2-9697-6C1E0569E228}.Ad-Hoc|Any CPU.ActiveCfg = Debug|Any CPU
		{337D540F-6C73-44E2-9697-6C1E0569E228}.Ad-Hoc|Any CPU.Build.0 = Debug|Any CPU
		{337D540F-6C73-44E2-9697-6C1E0569E228}.Ad-Hoc|Any CPU.Deploy.0 = Debug|Any CPU
		{337D540F-6C73-44E2-9697-6C1E0569E228}.Ad-Hoc|iPhone.ActiveCfg = Debug|Any CPU
		{337D540F-6C73-44E2-9697-6C1E0569E228}.Ad-Hoc|iPhone.Build.0 = Debug|Any CPU
		{337D540F-6C73-44E2-9697-6C1E0569E228}.Ad-Hoc|iPhone.Deploy.0 = Debug|Any CPU
		{337D540F-6C73-44E2-9697-6C1E0569E228}.Ad-Hoc|iPhoneSimulator.ActiveCfg = Debug|Any CPU
		{337D540F-6C73-44E2-9697-6C1E0569E228}.Ad-Hoc|iPhoneSimulator.Build.0 = Debug|Any CPU
		{337D540F-6C73-44E2-9697-6C1E0569E228}.Ad-Hoc|iPhoneSimulator.Deploy.0 = Debug|Any CPU
		{337D540F-6C73-44E2-9697-6C1E0569E228}.AppStore|Any CPU.ActiveCfg = Debug|Any CPU
		{337D540F-6C73-44E2-9697-6C1E0569E228}.AppStore|Any CPU.Build.0 = Debug|Any CPU
		{337D540F-6C73-44E2-9697-6C1E0569E228}.AppStore|Any CPU.Deploy.0 = Debug|Any CPU
		{337D540F-6C73-44E2-9697-6C1E0569E228}.AppStore|iPhone.ActiveCfg = Debug|Any CPU
		{337D540F-6C73-44E2-9697-6C1E0569E228}.AppStore|iPhone.Build.0 = Debug|Any CPU
		{337D540F-6C73-44E2-9697-6C1E0569E228}.AppStore|iPhone.Deploy.0 = Debug|Any CPU
		{337D540F-6C73-44E2-9697-6C1E0569E228}.AppStore|iPhoneSimulator.ActiveCfg = Debug|Any CPU
		{337D540F-6C73-44E2-9697-6C1E0569E228}.AppStore|iPhoneSimulator.Build.0 = Debug|Any CPU
		{337D540F-6C73-44E2-9697-6C1E0569E228}.AppStore|iPhoneSimulator.Deploy.0 = Debug|Any CPU
		{337D540F-6C73-44E2-9697-6C1E0569E228}.Debug|Any CPU.ActiveCfg = Debug|Any CPU
		{337D540F-6C73-44E2-9697-6C1E0569E228}.Debug|Any CPU.Build.0 = Debug|Any CPU
		{337D540F-6C73-44E2-9697-6C1E0569E228}.Debug|Any CPU.Deploy.0 = Debug|Any CPU
		{337D540F-6C73-44E2-9697-6C1E0569E228}.Debug|iPhone.ActiveCfg = Debug|Any CPU
		{337D540F-6C73-44E2-9697-6C1E0569E228}.Debug|iPhone.Build.0 = Debug|Any CPU
		{337D540F-6C73-44E2-9697-6C1E0569E228}.Debug|iPhone.Deploy.0 = Debug|Any CPU
		{337D540F-6C73-44E2-9697-6C1E0569E228}.Debug|iPhoneSimulator.ActiveCfg = Debug|Any CPU
		{337D540F-6C73-44E2-9697-6C1E0569E228}.Debug|iPhoneSimulator.Build.0 = Debug|Any CPU
		{337D540F-6C73-44E2-9697-6C1E0569E228}.Debug|iPhoneSimulator.Deploy.0 = Debug|Any CPU
		{337D540F-6C73-44E2-9697-6C1E0569E228}.Release|Any CPU.ActiveCfg = Release|Any CPU
		{337D540F-6C73-44E2-9697-6C1E0569E228}.Release|Any CPU.Build.0 = Release|Any CPU
		{337D540F-6C73-44E2-9697-6C1E0569E228}.Release|Any CPU.Deploy.0 = Release|Any CPU
		{337D540F-6C73-44E2-9697-6C1E0569E228}.Release|iPhone.ActiveCfg = Release|Any CPU
		{337D540F-6C73-44E2-9697-6C1E0569E228}.Release|iPhone.Build.0 = Release|Any CPU
		{337D540F-6C73-44E2-9697-6C1E0569E228}.Release|iPhone.Deploy.0 = Release|Any CPU
		{337D540F-6C73-44E2-9697-6C1E0569E228}.Release|iPhoneSimulator.ActiveCfg = Release|Any CPU
		{337D540F-6C73-44E2-9697-6C1E0569E228}.Release|iPhoneSimulator.Build.0 = Release|Any CPU
		{337D540F-6C73-44E2-9697-6C1E0569E228}.Release|iPhoneSimulator.Deploy.0 = Release|Any CPU
	EndGlobalSection
	GlobalSection(SolutionProperties) = preSolution
		HideSolutionNode = FALSE
	EndGlobalSection
	GlobalSection(ExtensibilityGlobals) = postSolution
		SolutionGuid = {0F189337-08B1-4AC8-96CF-47E4954C1D81}
	EndGlobalSection
EndGlobal
